// !$*UTF8*$!
{
	archiveVersion = 1;
	classes = {
	};
	objectVersion = 56;
	objects = {

/* Begin PBXBuildFile section */
		FA13D9282E6AD4C000198251 /* AppDelegate.swift in Sources */ = {isa = PBXBuildFile; fileRef = FA13D9272E6AD4C000198251 /* AppDelegate.swift */; };
		FA13D92A2E6AD4C000198251 /* SceneDelegate.swift in Sources */ = {isa = PBXBuildFile; fileRef = FA13D9292E6AD4C000198251 /* SceneDelegate.swift */; };
		FA13D92C2E6AD4C000198251 /* CollectionViewGallaryViewController.swift in Sources */ = {isa = PBXBuildFile; fileRef = FA13D92B2E6AD4C000198251 /* CollectionViewGallaryViewController.swift */; };
		FA13D9312E6AD4C300198251 /* Assets.xcassets in Resources */ = {isa = PBXBuildFile; fileRef = FA13D9302E6AD4C300198251 /* Assets.xcassets */; };
		FA13D9342E6AD4C300198251 /* Base in Resources */ = {isa = PBXBuildFile; fileRef = FA13D9332E6AD4C300198251 /* Base */; };
		FA13D93E2E6AD66300198251 /* ImageModel.swift in Sources */ = {isa = PBXBuildFile; fileRef = FA13D93D2E6AD66300198251 /* ImageModel.swift */; };
		FA13D9412E6AD6A200198251 /* ImageCollectionViewCell.swift in Sources */ = {isa = PBXBuildFile; fileRef = FA13D9402E6AD6A200198251 /* ImageCollectionViewCell.swift */; };
		FA13D9452E6AD73100198251 /* ImageServices.swift in Sources */ = {isa = PBXBuildFile; fileRef = FA13D9442E6AD73100198251 /* ImageServices.swift */; };
		FA13D9492E6AD77500198251 /* NetworkErrorHandler.swift in Sources */ = {isa = PBXBuildFile; fileRef = FA13D9482E6AD77500198251 /* NetworkErrorHandler.swift */; };
		FA13D94D2E6BE55A00198251 /* Networkservices.swift in Sources */ = {isa = PBXBuildFile; fileRef = FA13D94C2E6BE55A00198251 /* Networkservices.swift */; };
		FA13D9502E6BEB2100198251 /* APIConstant.swift in Sources */ = {isa = PBXBuildFile; fileRef = FA13D94F2E6BEB2100198251 /* APIConstant.swift */; };
		FA13D9532E6BED2E00198251 /* CollectionViewGallaryViewModel.swift in Sources */ = {isa = PBXBuildFile; fileRef = FA13D9522E6BED2E00198251 /* CollectionViewGallaryViewModel.swift */; };
		FA13D9562E6BF96100198251 /* Array+Extenstion.swift in Sources */ = {isa = PBXBuildFile; fileRef = FA13D9552E6BF96100198251 /* Array+Extenstion.swift */; };
		FA13D9602E6C48C700198251 /* CollectionViewTests.swift in Sources */ = {isa = PBXBuildFile; fileRef = FA13D95F2E6C48C700198251 /* CollectionViewTests.swift */; };
		FA9D25752E6DBA2B00C7446E /* CollectionViewGallaryViewModelTests.swift in Sources */ = {isa = PBXBuildFile; fileRef = FA9D25742E6DBA2B00C7446E /* CollectionViewGallaryViewModelTests.swift */; };
		FA9D25792E6DBB8D00C7446E /* MockImageServices.swift in Sources */ = {isa = PBXBuildFile; fileRef = FA9D25782E6DBB8D00C7446E /* MockImageServices.swift */; };
		FA9D257C2E6ED42500C7446E /* MockCollectionViewGallaryViewModel.swift in Sources */ = {isa = PBXBuildFile; fileRef = FA9D257B2E6ED42500C7446E /* MockCollectionViewGallaryViewModel.swift */; };
		FA9D257E2E6ED4DD00C7446E /* CollectionViewGallaryViewControllerTests.swift in Sources */ = {isa = PBXBuildFile; fileRef = FA9D257D2E6ED4DD00C7446E /* CollectionViewGallaryViewControllerTests.swift */; };
/* End PBXBuildFile section */

/* Begin PBXContainerItemProxy section */
		FA13D9612E6C48C700198251 /* PBXContainerItemProxy */ = {
			isa = PBXContainerItemProxy;
			containerPortal = FA13D91C2E6AD4C000198251 /* Project object */;
			proxyType = 1;
			remoteGlobalIDString = FA13D9232E6AD4C000198251;
			remoteInfo = CollectionView;
		};
/* End PBXContainerItemProxy section */

/* Begin PBXFileReference section */
		FA13D9242E6AD4C000198251 /* CollectionView.app */ = {isa = PBXFileReference; explicitFileType = wrapper.application; includeInIndex = 0; path = CollectionView.app; sourceTree = BUILT_PRODUCTS_DIR; };
		FA13D9272E6AD4C000198251 /* AppDelegate.swift */ = {isa = PBXFileReference; lastKnownFileType = sourcecode.swift; path = AppDelegate.swift; sourceTree = "<group>"; };
		FA13D9292E6AD4C000198251 /* SceneDelegate.swift */ = {isa = PBXFileReference; lastKnownFileType = sourcecode.swift; path = SceneDelegate.swift; sourceTree = "<group>"; };
		FA13D92B2E6AD4C000198251 /* CollectionViewGallaryViewController.swift */ = {isa = PBXFileReference; lastKnownFileType = sourcecode.swift; path = CollectionViewGallaryViewController.swift; sourceTree = "<group>"; };
		FA13D9302E6AD4C300198251 /* Assets.xcassets */ = {isa = PBXFileReference; lastKnownFileType = folder.assetcatalog; path = Assets.xcassets; sourceTree = "<group>"; };
		FA13D9332E6AD4C300198251 /* Base */ = {isa = PBXFileReference; lastKnownFileType = file.storyboard; name = Base; path = Base.lproj/LaunchScreen.storyboard; sourceTree = "<group>"; };
		FA13D9352E6AD4C300198251 /* Info.plist */ = {isa = PBXFileReference; lastKnownFileType = text.plist.xml; path = Info.plist; sourceTree = "<group>"; };
		FA13D93D2E6AD66300198251 /* ImageModel.swift */ = {isa = PBXFileReference; lastKnownFileType = sourcecode.swift; path = ImageModel.swift; sourceTree = "<group>"; };
		FA13D9402E6AD6A200198251 /* ImageCollectionViewCell.swift */ = {isa = PBXFileReference; lastKnownFileType = sourcecode.swift; path = ImageCollectionViewCell.swift; sourceTree = "<group>"; };
		FA13D9442E6AD73100198251 /* ImageServices.swift */ = {isa = PBXFileReference; lastKnownFileType = sourcecode.swift; path = ImageServices.swift; sourceTree = "<group>"; };
		FA13D9482E6AD77500198251 /* NetworkErrorHandler.swift */ = {isa = PBXFileReference; lastKnownFileType = sourcecode.swift; path = NetworkErrorHandler.swift; sourceTree = "<group>"; };
		FA13D94C2E6BE55A00198251 /* Networkservices.swift */ = {isa = PBXFileReference; lastKnownFileType = sourcecode.swift; path = Networkservices.swift; sourceTree = "<group>"; };
		FA13D94F2E6BEB2100198251 /* APIConstant.swift */ = {isa = PBXFileReference; lastKnownFileType = sourcecode.swift; path = APIConstant.swift; sourceTree = "<group>"; };
		FA13D9522E6BED2E00198251 /* CollectionViewGallaryViewModel.swift */ = {isa = PBXFileReference; lastKnownFileType = sourcecode.swift; path = CollectionViewGallaryViewModel.swift; sourceTree = "<group>"; };
		FA13D9552E6BF96100198251 /* Array+Extenstion.swift */ = {isa = PBXFileReference; lastKnownFileType = sourcecode.swift; path = "Array+Extenstion.swift"; sourceTree = "<group>"; };
		FA13D95D2E6C48C700198251 /* CollectionViewTests.xctest */ = {isa = PBXFileReference; explicitFileType = wrapper.cfbundle; includeInIndex = 0; path = CollectionViewTests.xctest; sourceTree = BUILT_PRODUCTS_DIR; };
		FA13D95F2E6C48C700198251 /* CollectionViewTests.swift */ = {isa = PBXFileReference; lastKnownFileType = sourcecode.swift; path = CollectionViewTests.swift; sourceTree = "<group>"; };
		FA9D25742E6DBA2B00C7446E /* CollectionViewGallaryViewModelTests.swift */ = {isa = PBXFileReference; lastKnownFileType = sourcecode.swift; path = CollectionViewGallaryViewModelTests.swift; sourceTree = "<group>"; };
		FA9D25782E6DBB8D00C7446E /* MockImageServices.swift */ = {isa = PBXFileReference; lastKnownFileType = sourcecode.swift; path = MockImageServices.swift; sourceTree = "<group>"; };
		FA9D257B2E6ED42500C7446E /* MockCollectionViewGallaryViewModel.swift */ = {isa = PBXFileReference; lastKnownFileType = sourcecode.swift; path = MockCollectionViewGallaryViewModel.swift; sourceTree = "<group>"; };
		FA9D257D2E6ED4DD00C7446E /* CollectionViewGallaryViewControllerTests.swift */ = {isa = PBXFileReference; lastKnownFileType = sourcecode.swift; path = CollectionViewGallaryViewControllerTests.swift; sourceTree = "<group>"; };
/* End PBXFileReference section */

/* Begin PBXFrameworksBuildPhase section */
		FA13D9212E6AD4C000198251 /* Frameworks */ = {
			isa = PBXFrameworksBuildPhase;
			buildActionMask = 2147483647;
			files = (
			);
			runOnlyForDeploymentPostprocessing = 0;
		};
		FA13D95A2E6C48C700198251 /* Frameworks */ = {
			isa = PBXFrameworksBuildPhase;
			buildActionMask = 2147483647;
			files = (
			);
			runOnlyForDeploymentPostprocessing = 0;
		};
/* End PBXFrameworksBuildPhase section */

/* Begin PBXGroup section */
		FA13D91B2E6AD4C000198251 = {
			isa = PBXGroup;
			children = (
				FA13D9262E6AD4C000198251 /* CollectionView */,
				FA13D95E2E6C48C700198251 /* CollectionViewTests */,
				FA13D9252E6AD4C000198251 /* Products */,
			);
			sourceTree = "<group>";
		};
		FA13D9252E6AD4C000198251 /* Products */ = {
			isa = PBXGroup;
			children = (
				FA13D9242E6AD4C000198251 /* CollectionView.app */,
				FA13D95D2E6C48C700198251 /* CollectionViewTests.xctest */,
			);
			name = Products;
			sourceTree = "<group>";
		};
		FA13D9262E6AD4C000198251 /* CollectionView */ = {
			isa = PBXGroup;
			children = (
				FA13D9512E6BED1500198251 /* ViewModel */,
				FA13D94A2E6AD78D00198251 /* View */,
				FA13D9462E6AD75200198251 /* Ultils */,
				FA13D9422E6AD6CC00198251 /* Core */,
				FA13D93F2E6AD67B00198251 /* Cell */,
				FA13D93B2E6AD64800198251 /* Model */,
				FA13D9272E6AD4C000198251 /* AppDelegate.swift */,
				FA13D9292E6AD4C000198251 /* SceneDelegate.swift */,
				FA13D9302E6AD4C300198251 /* Assets.xcassets */,
				FA13D9322E6AD4C300198251 /* LaunchScreen.storyboard */,
				FA13D9352E6AD4C300198251 /* Info.plist */,
			);
			path = CollectionView;
			sourceTree = "<group>";
		};
		FA13D93B2E6AD64800198251 /* Model */ = {
			isa = PBXGroup;
			children = (
				FA13D93D2E6AD66300198251 /* ImageModel.swift */,
			);
			path = Model;
			sourceTree = "<group>";
		};
		FA13D93F2E6AD67B00198251 /* Cell */ = {
			isa = PBXGroup;
			children = (
				FA13D9402E6AD6A200198251 /* ImageCollectionViewCell.swift */,
			);
			path = Cell;
			sourceTree = "<group>";
		};
		FA13D9422E6AD6CC00198251 /* Core */ = {
			isa = PBXGroup;
			children = (
				FA13D94B2E6BE54600198251 /* Network */,
				FA13D9432E6AD6D200198251 /* Services */,
			);
			path = Core;
			sourceTree = "<group>";
		};
		FA13D9432E6AD6D200198251 /* Services */ = {
			isa = PBXGroup;
			children = (
				FA13D9442E6AD73100198251 /* ImageServices.swift */,
			);
			path = Services;
			sourceTree = "<group>";
		};
		FA13D9462E6AD75200198251 /* Ultils */ = {
			isa = PBXGroup;
			children = (
				FA13D9542E6BF94F00198251 /* Extenstion */,
				FA13D94E2E6BEAE200198251 /* API */,
				FA13D9472E6AD75900198251 /* NetworkError */,
			);
			path = Ultils;
			sourceTree = "<group>";
		};
		FA13D9472E6AD75900198251 /* NetworkError */ = {
			isa = PBXGroup;
			children = (
				FA13D9482E6AD77500198251 /* NetworkErrorHandler.swift */,
			);
			path = NetworkError;
			sourceTree = "<group>";
		};
		FA13D94A2E6AD78D00198251 /* View */ = {
			isa = PBXGroup;
			children = (
				FA13D92B2E6AD4C000198251 /* CollectionViewGallaryViewController.swift */,
			);
			path = View;
			sourceTree = "<group>";
		};
		FA13D94B2E6BE54600198251 /* Network */ = {
			isa = PBXGroup;
			children = (
				FA13D94C2E6BE55A00198251 /* Networkservices.swift */,
			);
			path = Network;
			sourceTree = "<group>";
		};
		FA13D94E2E6BEAE200198251 /* API */ = {
			isa = PBXGroup;
			children = (
				FA13D94F2E6BEB2100198251 /* APIConstant.swift */,
			);
			path = API;
			sourceTree = "<group>";
		};
		FA13D9512E6BED1500198251 /* ViewModel */ = {
			isa = PBXGroup;
			children = (
				FA13D9522E6BED2E00198251 /* CollectionViewGallaryViewModel.swift */,
			);
			path = ViewModel;
			sourceTree = "<group>";
		};
		FA13D9542E6BF94F00198251 /* Extenstion */ = {
			isa = PBXGroup;
			children = (
				FA13D9552E6BF96100198251 /* Array+Extenstion.swift */,
			);
			path = Extenstion;
			sourceTree = "<group>";
		};
		FA13D95E2E6C48C700198251 /* CollectionViewTests */ = {
			isa = PBXGroup;
			children = (
				FA9D257A2E6ED3AF00C7446E /* View */,
				FA9D25762E6DBA3800C7446E /* Helper */,
				FA9D25732E6DB97E00C7446E /* ViewModel */,
				FA13D95F2E6C48C700198251 /* CollectionViewTests.swift */,
			);
			path = CollectionViewTests;
			sourceTree = "<group>";
		};
		FA9D25732E6DB97E00C7446E /* ViewModel */ = {
			isa = PBXGroup;
			children = (
				FA9D25742E6DBA2B00C7446E /* CollectionViewGallaryViewModelTests.swift */,
			);
			path = ViewModel;
			sourceTree = "<group>";
		};
		FA9D25762E6DBA3800C7446E /* Helper */ = {
			isa = PBXGroup;
			children = (
				FA9D25772E6DBA3E00C7446E /* Mock */,
			);
			path = Helper;
			sourceTree = "<group>";
		};
		FA9D25772E6DBA3E00C7446E /* Mock */ = {
			isa = PBXGroup;
			children = (
				FA9D25782E6DBB8D00C7446E /* MockImageServices.swift */,
				FA9D257B2E6ED42500C7446E /* MockCollectionViewGallaryViewModel.swift */,
			);
			path = Mock;
			sourceTree = "<group>";
		};
		FA9D257A2E6ED3AF00C7446E /* View */ = {
			isa = PBXGroup;
			children = (
				FA9D257D2E6ED4DD00C7446E /* CollectionViewGallaryViewControllerTests.swift */,
			);
			path = View;
			sourceTree = "<group>";
		};
/* End PBXGroup section */

/* Begin PBXNativeTarget section */
		FA13D9232E6AD4C000198251 /* CollectionView */ = {
			isa = PBXNativeTarget;
			buildConfigurationList = FA13D9382E6AD4C300198251 /* Build configuration list for PBXNativeTarget "CollectionView" */;
			buildPhases = (
				FA13D9202E6AD4C000198251 /* Sources */,
				FA13D9212E6AD4C000198251 /* Frameworks */,
				FA13D9222E6AD4C000198251 /* Resources */,
			);
			buildRules = (
			);
			dependencies = (
			);
			name = CollectionView;
			productName = CollectionView;
			productReference = FA13D9242E6AD4C000198251 /* CollectionView.app */;
			productType = "com.apple.product-type.application";
		};
		FA13D95C2E6C48C700198251 /* CollectionViewTests */ = {
			isa = PBXNativeTarget;
			buildConfigurationList = FA13D9632E6C48C700198251 /* Build configuration list for PBXNativeTarget "CollectionViewTests" */;
			buildPhases = (
				FA13D9592E6C48C700198251 /* Sources */,
				FA13D95A2E6C48C700198251 /* Frameworks */,
				FA13D95B2E6C48C700198251 /* Resources */,
			);
			buildRules = (
			);
			dependencies = (
				FA13D9622E6C48C700198251 /* PBXTargetDependency */,
			);
			name = CollectionViewTests;
			productName = CollectionViewTests;
			productReference = FA13D95D2E6C48C700198251 /* CollectionViewTests.xctest */;
			productType = "com.apple.product-type.bundle.unit-test";
		};
/* End PBXNativeTarget section */

/* Begin PBXProject section */
		FA13D91C2E6AD4C000198251 /* Project object */ = {
			isa = PBXProject;
			attributes = {
				BuildIndependentTargetsInParallel = 1;
				LastSwiftUpdateCheck = 1540;
				LastUpgradeCheck = 1540;
				TargetAttributes = {
					FA13D9232E6AD4C000198251 = {
						CreatedOnToolsVersion = 15.4;
					};
					FA13D95C2E6C48C700198251 = {
						CreatedOnToolsVersion = 15.4;
						TestTargetID = FA13D9232E6AD4C000198251;
					};
				};
			};
			buildConfigurationList = FA13D91F2E6AD4C000198251 /* Build configuration list for PBXProject "CollectionView" */;
			compatibilityVersion = "Xcode 14.0";
			developmentRegion = en;
			hasScannedForEncodings = 0;
			knownRegions = (
				en,
				Base,
			);
			mainGroup = FA13D91B2E6AD4C000198251;
			productRefGroup = FA13D9252E6AD4C000198251 /* Products */;
			projectDirPath = "";
			projectRoot = "";
			targets = (
				FA13D9232E6AD4C000198251 /* CollectionView */,
				FA13D95C2E6C48C700198251 /* CollectionViewTests */,
			);
		};
/* End PBXProject section */

/* Begin PBXResourcesBuildPhase section */
		FA13D9222E6AD4C000198251 /* Resources */ = {
			isa = PBXResourcesBuildPhase;
			buildActionMask = 2147483647;
			files = (
				FA13D9312E6AD4C300198251 /* Assets.xcassets in Resources */,
				FA13D9342E6AD4C300198251 /* Base in Resources */,
			);
			runOnlyForDeploymentPostprocessing = 0;
		};
		FA13D95B2E6C48C700198251 /* Resources */ = {
			isa = PBXResourcesBuildPhase;
			buildActionMask = 2147483647;
			files = (
			);
			runOnlyForDeploymentPostprocessing = 0;
		};
/* End PBXResourcesBuildPhase section */

/* Begin PBXSourcesBuildPhase section */
		FA13D9202E6AD4C000198251 /* Sources */ = {
			isa = PBXSourcesBuildPhase;
			buildActionMask = 2147483647;
			files = (
				FA13D92C2E6AD4C000198251 /* CollectionViewGallaryViewController.swift in Sources */,
				FA13D9412E6AD6A200198251 /* ImageCollectionViewCell.swift in Sources */,
				FA13D9532E6BED2E00198251 /* CollectionViewGallaryViewModel.swift in Sources */,
				FA13D9502E6BEB2100198251 /* APIConstant.swift in Sources */,
				FA13D9492E6AD77500198251 /* NetworkErrorHandler.swift in Sources */,
				FA13D9282E6AD4C000198251 /* AppDelegate.swift in Sources */,
				FA13D9562E6BF96100198251 /* Array+Extenstion.swift in Sources */,
				FA13D92A2E6AD4C000198251 /* SceneDelegate.swift in Sources */,
				FA13D93E2E6AD66300198251 /* ImageModel.swift in Sources */,
				FA13D94D2E6BE55A00198251 /* Networkservices.swift in Sources */,
				FA13D9452E6AD73100198251 /* ImageServices.swift in Sources */,
			);
			runOnlyForDeploymentPostprocessing = 0;
		};
		FA13D9592E6C48C700198251 /* Sources */ = {
			isa = PBXSourcesBuildPhase;
			buildActionMask = 2147483647;
			files = (
				FA9D257C2E6ED42500C7446E /* MockCollectionViewGallaryViewModel.swift in Sources */,
				FA9D257E2E6ED4DD00C7446E /* CollectionViewGallaryViewControllerTests.swift in Sources */,
				FA9D25792E6DBB8D00C7446E /* MockImageServices.swift in Sources */,
				FA9D25752E6DBA2B00C7446E /* CollectionViewGallaryViewModelTests.swift in Sources */,
				FA13D9602E6C48C700198251 /* CollectionViewTests.swift in Sources */,
			);
			runOnlyForDeploymentPostprocessing = 0;
		};
/* End PBXSourcesBuildPhase section */

/* Begin PBXTargetDependency section */
		FA13D9622E6C48C700198251 /* PBXTargetDependency */ = {
			isa = PBXTargetDependency;
			target = FA13D9232E6AD4C000198251 /* CollectionView */;
			targetProxy = FA13D9612E6C48C700198251 /* PBXContainerItemProxy */;
		};
/* End PBXTargetDependency section */

/* Begin PBXVariantGroup section */
		FA13D9322E6AD4C300198251 /* LaunchScreen.storyboard */ = {
			isa = PBXVariantGroup;
			children = (
				FA13D9332E6AD4C300198251 /* Base */,
			);
			name = LaunchScreen.storyboard;
			sourceTree = "<group>";
		};
/* End PBXVariantGroup section */

/* Begin XCBuildConfiguration section */
		FA13D9362E6AD4C300198251 /* Debug */ = {
			isa = XCBuildConfiguration;
			buildSettings = {
				ALWAYS_SEARCH_USER_PATHS = NO;
				ASSETCATALOG_COMPILER_GENERATE_SWIFT_ASSET_SYMBOL_EXTENSIONS = YES;
				CLANG_ANALYZER_NONNULL = YES;
				CLANG_ANALYZER_NUMBER_OBJECT_CONVERSION = YES_AGGRESSIVE;
				CLANG_CXX_LANGUAGE_STANDARD = "gnu++20";
				CLANG_ENABLE_MODULES = YES;
				CLANG_ENABLE_OBJC_ARC = YES;
				CLANG_ENABLE_OBJC_WEAK = YES;
				CLANG_WARN_BLOCK_CAPTURE_AUTORELEASING = YES;
				CLANG_WARN_BOOL_CONVERSION = YES;
				CLANG_WARN_COMMA = YES;
				CLANG_WARN_CONSTANT_CONVERSION = YES;
				CLANG_WARN_DEPRECATED_OBJC_IMPLEMENTATIONS = YES;
				CLANG_WARN_DIRECT_OBJC_ISA_USAGE = YES_ERROR;
				CLANG_WARN_DOCUMENTATION_COMMENTS = YES;
				CLANG_WARN_EMPTY_BODY = YES;
				CLANG_WARN_ENUM_CONVERSION = YES;
				CLANG_WARN_INFINITE_RECURSION = YES;
				CLANG_WARN_INT_CONVERSION = YES;
				CLANG_WARN_NON_LITERAL_NULL_CONVERSION = YES;
				CLANG_WARN_OBJC_IMPLICIT_RETAIN_SELF = YES;
				CLANG_WARN_OBJC_LITERAL_CONVERSION = YES;
				CLANG_WARN_OBJC_ROOT_CLASS = YES_ERROR;
				CLANG_WARN_QUOTED_INCLUDE_IN_FRAMEWORK_HEADER = YES;
				CLANG_WARN_RANGE_LOOP_ANALYSIS = YES;
				CLANG_WARN_STRICT_PROTOTYPES = YES;
				CLANG_WARN_SUSPICIOUS_MOVE = YES;
				CLANG_WARN_UNGUARDED_AVAILABILITY = YES_AGGRESSIVE;
				CLANG_WARN_UNREACHABLE_CODE = YES;
				CLANG_WARN__DUPLICATE_METHOD_MATCH = YES;
				COPY_PHASE_STRIP = NO;
				DEBUG_INFORMATION_FORMAT = dwarf;
				ENABLE_STRICT_OBJC_MSGSEND = YES;
				ENABLE_TESTABILITY = YES;
				ENABLE_USER_SCRIPT_SANDBOXING = YES;
				GCC_C_LANGUAGE_STANDARD = gnu17;
				GCC_DYNAMIC_NO_PIC = NO;
				GCC_NO_COMMON_BLOCKS = YES;
				GCC_OPTIMIZATION_LEVEL = 0;
				GCC_PREPROCESSOR_DEFINITIONS = (
					"DEBUG=1",
					"$(inherited)",
				);
				GCC_WARN_64_TO_32_BIT_CONVERSION = YES;
				GCC_WARN_ABOUT_RETURN_TYPE = YES_ERROR;
				GCC_WARN_UNDECLARED_SELECTOR = YES;
				GCC_WARN_UNINITIALIZED_AUTOS = YES_AGGRESSIVE;
				GCC_WARN_UNUSED_FUNCTION = YES;
				GCC_WARN_UNUSED_VARIABLE = YES;
				IPHONEOS_DEPLOYMENT_TARGET = 16.6;
				LOCALIZATION_PREFERS_STRING_CATALOGS = YES;
				MTL_ENABLE_DEBUG_INFO = INCLUDE_SOURCE;
				MTL_FAST_MATH = YES;
				ONLY_ACTIVE_ARCH = YES;
				SDKROOT = iphoneos;
				SWIFT_ACTIVE_COMPILATION_CONDITIONS = "DEBUG $(inherited)";
				SWIFT_OPTIMIZATION_LEVEL = "-Onone";
			};
			name = Debug;
		};
		FA13D9372E6AD4C300198251 /* Release */ = {
			isa = XCBuildConfiguration;
			buildSettings = {
				ALWAYS_SEARCH_USER_PATHS = NO;
				ASSETCATALOG_COMPILER_GENERATE_SWIFT_ASSET_SYMBOL_EXTENSIONS = YES;
				CLANG_ANALYZER_NONNULL = YES;
				CLANG_ANALYZER_NUMBER_OBJECT_CONVERSION = YES_AGGRESSIVE;
				CLANG_CXX_LANGUAGE_STANDARD = "gnu++20";
				CLANG_ENABLE_MODULES = YES;
				CLANG_ENABLE_OBJC_ARC = YES;
				CLANG_ENABLE_OBJC_WEAK = YES;
				CLANG_WARN_BLOCK_CAPTURE_AUTORELEASING = YES;
				CLANG_WARN_BOOL_CONVERSION = YES;
				CLANG_WARN_COMMA = YES;
				CLANG_WARN_CONSTANT_CONVERSION = YES;
				CLANG_WARN_DEPRECATED_OBJC_IMPLEMENTATIONS = YES;
				CLANG_WARN_DIRECT_OBJC_ISA_USAGE = YES_ERROR;
				CLANG_WARN_DOCUMENTATION_COMMENTS = YES;
				CLANG_WARN_EMPTY_BODY = YES;
				CLANG_WARN_ENUM_CONVERSION = YES;
				CLANG_WARN_INFINITE_RECURSION = YES;
				CLANG_WARN_INT_CONVERSION = YES;
				CLANG_WARN_NON_LITERAL_NULL_CONVERSION = YES;
				CLANG_WARN_OBJC_IMPLICIT_RETAIN_SELF = YES;
				CLANG_WARN_OBJC_LITERAL_CONVERSION = YES;
				CLANG_WARN_OBJC_ROOT_CLASS = YES_ERROR;
				CLANG_WARN_QUOTED_INCLUDE_IN_FRAMEWORK_HEADER = YES;
				CLANG_WARN_RANGE_LOOP_ANALYSIS = YES;
				CLANG_WARN_STRICT_PROTOTYPES = YES;
				CLANG_WARN_SUSPICIOUS_MOVE = YES;
				CLANG_WARN_UNGUARDED_AVAILABILITY = YES_AGGRESSIVE;
				CLANG_WARN_UNREACHABLE_CODE = YES;
				CLANG_WARN__DUPLICATE_METHOD_MATCH = YES;
				COPY_PHASE_STRIP = NO;
				DEBUG_INFORMATION_FORMAT = "dwarf-with-dsym";
				ENABLE_NS_ASSERTIONS = NO;
				ENABLE_STRICT_OBJC_MSGSEND = YES;
				ENABLE_USER_SCRIPT_SANDBOXING = YES;
				GCC_C_LANGUAGE_STANDARD = gnu17;
				GCC_NO_COMMON_BLOCKS = YES;
				GCC_WARN_64_TO_32_BIT_CONVERSION = YES;
				GCC_WARN_ABOUT_RETURN_TYPE = YES_ERROR;
				GCC_WARN_UNDECLARED_SELECTOR = YES;
				GCC_WARN_UNINITIALIZED_AUTOS = YES_AGGRESSIVE;
				GCC_WARN_UNUSED_FUNCTION = YES;
				GCC_WARN_UNUSED_VARIABLE = YES;
				IPHONEOS_DEPLOYMENT_TARGET = 16.6;
				LOCALIZATION_PREFERS_STRING_CATALOGS = YES;
				MTL_ENABLE_DEBUG_INFO = NO;
				MTL_FAST_MATH = YES;
				SDKROOT = iphoneos;
				SWIFT_COMPILATION_MODE = wholemodule;
				VALIDATE_PRODUCT = YES;
			};
			name = Release;
		};
		FA13D9392E6AD4C300198251 /* Debug */ = {
			isa = XCBuildConfiguration;
			buildSettings = {
				ASSETCATALOG_COMPILER_APPICON_NAME = AppIcon;
				ASSETCATALOG_COMPILER_GLOBAL_ACCENT_COLOR_NAME = AccentColor;
				CODE_SIGN_STYLE = Automatic;
				CURRENT_PROJECT_VERSION = 1;
				DEVELOPMENT_TEAM = 6P22AL64F3;
				GENERATE_INFOPLIST_FILE = YES;
				INFOPLIST_FILE = CollectionView/Info.plist;
				INFOPLIST_KEY_UIApplicationSupportsIndirectInputEvents = YES;
				INFOPLIST_KEY_UILaunchStoryboardName = LaunchScreen;
				INFOPLIST_KEY_UISupportedInterfaceOrientations_iPad = "UIInterfaceOrientationPortrait UIInterfaceOrientationPortraitUpsideDown UIInterfaceOrientationLandscapeLeft UIInterfaceOrientationLandscapeRight";
				INFOPLIST_KEY_UISupportedInterfaceOrientations_iPhone = "UIInterfaceOrientationPortrait UIInterfaceOrientationLandscapeLeft UIInterfaceOrientationLandscapeRight";
				IPHONEOS_DEPLOYMENT_TARGET = 16.2;
				LD_RUNPATH_SEARCH_PATHS = (
					"$(inherited)",
					"@executable_path/Frameworks",
				);
				MARKETING_VERSION = 1.0;
				PRODUCT_BUNDLE_IDENTIFIER = hiep.CollectionView;
				PRODUCT_NAME = "$(TARGET_NAME)";
				SUPPORTED_PLATFORMS = "iphoneos iphonesimulator";
				SUPPORTS_MACCATALYST = NO;
				SUPPORTS_MAC_DESIGNED_FOR_IPHONE_IPAD = NO;
				SUPPORTS_XR_DESIGNED_FOR_IPHONE_IPAD = NO;
				SWIFT_EMIT_LOC_STRINGS = YES;
				SWIFT_VERSION = 5.0;
				TARGETED_DEVICE_FAMILY = 1;
			};
			name = Debug;
		};
		FA13D93A2E6AD4C300198251 /* Release */ = {
			isa = XCBuildConfiguration;
			buildSettings = {
				ASSETCATALOG_COMPILER_APPICON_NAME = AppIcon;
				ASSETCATALOG_COMPILER_GLOBAL_ACCENT_COLOR_NAME = AccentColor;
				CODE_SIGN_STYLE = Automatic;
				CURRENT_PROJECT_VERSION = 1;
				DEVELOPMENT_TEAM = 6P22AL64F3;
				GENERATE_INFOPLIST_FILE = YES;
				INFOPLIST_FILE = CollectionView/Info.plist;
				INFOPLIST_KEY_UIApplicationSupportsIndirectInputEvents = YES;
				INFOPLIST_KEY_UILaunchStoryboardName = LaunchScreen;
				INFOPLIST_KEY_UISupportedInterfaceOrientations_iPad = "UIInterfaceOrientationPortrait UIInterfaceOrientationPortraitUpsideDown UIInterfaceOrientationLandscapeLeft UIInterfaceOrientationLandscapeRight";
				INFOPLIST_KEY_UISupportedInterfaceOrientations_iPhone = "UIInterfaceOrientationPortrait UIInterfaceOrientationLandscapeLeft UIInterfaceOrientationLandscapeRight";
				IPHONEOS_DEPLOYMENT_TARGET = 16.2;
				LD_RUNPATH_SEARCH_PATHS = (
					"$(inherited)",
					"@executable_path/Frameworks",
				);
				MARKETING_VERSION = 1.0;
				PRODUCT_BUNDLE_IDENTIFIER = hiep.CollectionView;
				PRODUCT_NAME = "$(TARGET_NAME)";
				SUPPORTED_PLATFORMS = "iphoneos iphonesimulator";
				SUPPORTS_MACCATALYST = NO;
				SUPPORTS_MAC_DESIGNED_FOR_IPHONE_IPAD = NO;
				SUPPORTS_XR_DESIGNED_FOR_IPHONE_IPAD = NO;
				SWIFT_EMIT_LOC_STRINGS = YES;
				SWIFT_VERSION = 5.0;
				TARGETED_DEVICE_FAMILY = 1;
			};
			name = Release;
		};
		FA13D9642E6C48C700198251 /* Debug */ = {
			isa = XCBuildConfiguration;
			buildSettings = {
				BUNDLE_LOADER = "$(TEST_HOST)";
				CODE_SIGN_STYLE = Automatic;
				CURRENT_PROJECT_VERSION = 1;
				DEVELOPMENT_TEAM = 6P22AL64F3;
				GENERATE_INFOPLIST_FILE = YES;
				IPHONEOS_DEPLOYMENT_TARGET = 17.2;
				MARKETING_VERSION = 1.0;
				PRODUCT_BUNDLE_IDENTIFIER = hiep.CollectionViewTests;
				PRODUCT_NAME = "$(TARGET_NAME)";
				SWIFT_EMIT_LOC_STRINGS = NO;
				SWIFT_VERSION = 5.0;
				TARGETED_DEVICE_FAMILY = "1,2";
				TEST_HOST = "$(BUILT_PRODUCTS_DIR)/CollectionView.app/$(BUNDLE_EXECUTABLE_FOLDER_PATH)/CollectionView";
			};
			name = Debug;
		};
		FA13D9652E6C48C700198251 /* Release */ = {
			isa = XCBuildConfiguration;
			buildSettings = {
				BUNDLE_LOADER = "$(TEST_HOST)";
				CODE_SIGN_STYLE = Automatic;
				CURRENT_PROJECT_VERSION = 1;
				DEVELOPMENT_TEAM = 6P22AL64F3;
				GENERATE_INFOPLIST_FILE = YES;
				IPHONEOS_DEPLOYMENT_TARGET = 17.2;
				MARKETING_VERSION = 1.0;
				PRODUCT_BUNDLE_IDENTIFIER = hiep.CollectionViewTests;
				PRODUCT_NAME = "$(TARGET_NAME)";
				SWIFT_EMIT_LOC_STRINGS = NO;
				SWIFT_VERSION = 5.0;
				TARGETED_DEVICE_FAMILY = "1,2";
				TEST_HOST = "$(BUILT_PRODUCTS_DIR)/CollectionView.app/$(BUNDLE_EXECUTABLE_FOLDER_PATH)/CollectionView";
			};
			name = Release;
		};
/* End XCBuildConfiguration section */

/* Begin XCConfigurationList section */
		FA13D91F2E6AD4C000198251 /* Build configuration list for PBXProject "CollectionView" */ = {
			isa = XCConfigurationList;
			buildConfigurations = (
				FA13D9362E6AD4C300198251 /* Debug */,
				FA13D9372E6AD4C300198251 /* Release */,
			);
			defaultConfigurationIsVisible = 0;
			defaultConfigurationName = Release;
		};
		FA13D9382E6AD4C300198251 /* Build configuration list for PBXNativeTarget "CollectionView" */ = {
			isa = XCConfigurationList;
			buildConfigurations = (
				FA13D9392E6AD4C300198251 /* Debug */,
				FA13D93A2E6AD4C300198251 /* Release */,
			);
			defaultConfigurationIsVisible = 0;
			defaultConfigurationName = Release;
		};
		FA13D9632E6C48C700198251 /* Build configuration list for PBXNativeTarget "CollectionViewTests" */ = {
			isa = XCConfigurationList;
			buildConfigurations = (
				FA13D9642E6C48C700198251 /* Debug */,
				FA13D9652E6C48C700198251 /* Release */,
			);
			defaultConfigurationIsVisible = 0;
			defaultConfigurationName = Release;
		};
/* End XCConfigurationList section */
	};
	rootObject = FA13D91C2E6AD4C000198251 /* Project object */;
}
